
Microsoft Visual Studio Solution File, Format Version 12.00
# Visual Studio 15
VisualStudioVersion = 15.0.28307.168
MinimumVisualStudioVersion = 10.0.40219.1
Project("{FAE04EC0-301F-11D3-BF4B-00C04F79EFBC}") = "SertzHir.Web", "SertzHir.Web\SertzHir.Web.csproj", "{6298E5D7-9FE1-4C57-BDAE-6174A31BFB08}"
EndProject
Project("{FAE04EC0-301F-11D3-BF4B-00C04F79EFBC}") = "SertzHir.Services", "SertzHir.Services\SertzHir.Services.csproj", "{07AEFCCF-7FBB-43DD-8167-CFEB9B2B9716}"
EndProject
Project("{FAE04EC0-301F-11D3-BF4B-00C04F79EFBC}") = "SertzHir.Core", "SertzHir.Core\SertzHir.Core.csproj", "{B29EB527-BECF-4FDA-BB79-103F044306F7}"
EndProject
Project("{FAE04EC0-301F-11D3-BF4B-00C04F79EFBC}") = "SertzHir.Common", "SertzHir.Common\SertzHir.Common.csproj", "{5121774C-90AA-4A6B-9F1C-A5345F91335E}"
EndProject
Project("{FAE04EC0-301F-11D3-BF4B-00C04F79EFBC}") = "SertzHir.Api", "SertzHir.Api\SertzHir.Api.csproj", "{47DDEEDA-8DA4-47E4-AE30-52FAC1CDB20E}"
EndProject
Global
	GlobalSection(SolutionConfigurationPlatforms) = preSolution
		Debug|Any CPU = Debug|Any CPU
		Release|Any CPU = Release|Any CPU
	EndGlobalSection
	GlobalSection(ProjectConfigurationPlatforms) = postSolution
		{6298E5D7-9FE1-4C57-BDAE-6174A31BFB08}.Debug|Any CPU.ActiveCfg = Debug|Any CPU
		{6298E5D7-9FE1-4C57-BDAE-6174A31BFB08}.Debug|Any CPU.Build.0 = Debug|Any CPU
		{6298E5D7-9FE1-4C57-BDAE-6174A31BFB08}.Release|Any CPU.ActiveCfg = Release|Any CPU
		{6298E5D7-9FE1-4C57-BDAE-6174A31BFB08}.Release|Any CPU.Build.0 = Release|Any CPU
		{07AEFCCF-7FBB-43DD-8167-CFEB9B2B9716}.Debug|Any CPU.ActiveCfg = Debug|Any CPU
		{07AEFCCF-7FBB-43DD-8167-CFEB9B2B9716}.Debug|Any CPU.Build.0 = Debug|Any CPU
		{07AEFCCF-7FBB-43DD-8167-CFEB9B2B9716}.Release|Any CPU.ActiveCfg = Release|Any CPU
		{07AEFCCF-7FBB-43DD-8167-CFEB9B2B9716}.Release|Any CPU.Build.0 = Release|Any CPU
		{B29EB527-BECF-4FDA-BB79-103F044306F7}.Debug|Any CPU.ActiveCfg = Debug|Any CPU
		{B29EB527-BECF-4FDA-BB79-103F044306F7}.Debug|Any CPU.Build.0 = Debug|Any CPU
		{B29EB527-BECF-4FDA-BB79-103F044306F7}.Release|Any CPU.ActiveCfg = Release|Any CPU
		{B29EB527-BECF-4FDA-BB79-103F044306F7}.Release|Any CPU.Build.0 = Release|Any CPU
		{5121774C-90AA-4A6B-9F1C-A5345F91335E}.Debug|Any CPU.ActiveCfg = Debug|Any CPU
		{5121774C-90AA-4A6B-9F1C-A5345F91335E}.Debug|Any CPU.Build.0 = Debug|Any CPU
		{5121774C-90AA-4A6B-9F1C-A5345F91335E}.Release|Any CPU.ActiveCfg = Release|Any CPU
		{5121774C-90AA-4A6B-9F1C-A5345F91335E}.Release|Any CPU.Build.0 = Release|Any CPU
		{47DDEEDA-8DA4-47E4-AE30-52FAC1CDB20E}.Debug|Any CPU.ActiveCfg = Debug|Any CPU
		{47DDEEDA-8DA4-47E4-AE30-52FAC1CDB20E}.Debug|Any CPU.Build.0 = Debug|Any CPU
		{47DDEEDA-8DA4-47E4-AE30-52FAC1CDB20E}.Release|Any CPU.ActiveCfg = Release|Any CPU
		{47DDEEDA-8DA4-47E4-AE30-52FAC1CDB20E}.Release|Any CPU.Build.0 = Release|Any CPU
	EndGlobalSection
	GlobalSection(SolutionProperties) = preSolution
		HideSolutionNode = FALSE
	EndGlobalSection
	GlobalSection(ExtensibilityGlobals) = postSolution
		SolutionGuid = {B030F8C6-9EB7-4AE7-934C-8E6E715835DF}
	EndGlobalSection
EndGlobal
